<?xml version="1.0" encoding="utf-8"?>
<Project ToolsVersion="17.0" xmlns="http://schemas.microsoft.com/developer/msbuild/2003">
  <ItemGroup>
    <ClCompile Include="C:\workspace\PNGProcessor\src\PNGProcessor.cpp">
      <Filter>src</Filter>
    </ClCompile>
  </ItemGroup>
  <ItemGroup>
    <CustomBuild Include="C:\workspace\PNGProcessor\src\CMakeLists.txt" />
  </ItemGroup>
  <ItemGroup>
    <Filter Include="src">
      <UniqueIdentifier>{07ABAA73-CDC6-3537-A5E8-9E1ACE2229C7}</UniqueIdentifier>
    </Filter>
  </ItemGroup>
</Project>
